{
  "object": {
    "pins": [
      {
        "package": "CLibxml2",
        "repositoryURL": "https://github.com/WeirdMath/CLibxml2.git",
        "state": {
          "branch": null,
          "revision": "7332c9342343f7aed115fa81faae8cf8a85e1ae2",
          "version": "1.0.0"
        }
      },
      {
        "package": "MySQL",
        "repositoryURL": "https://github.com/PerfectlySoft/Perfect-MySQL.git",
        "state": {
          "branch": null,
          "revision": "714c244972045623d9893ea7c416dd12c8cd43a2",
          "version": "2.1.3"
        }
      },
      {
        "package": "Scrape",
        "repositoryURL": "https://github.com/WeirdMath/Scrape.git",
        "state": {
          "branch": null,
          "revision": "4795d70c1f73dab1336659ca6185e92d37abf5b3",
          "version": "1.0.0"
        }
      },
      {
        "package": "mysqlclient",
        "repositoryURL": "https://github.com/PerfectlySoft/Perfect-mysqlclient.git",
        "state": {
          "branch": null,
          "revision": "51991fc81e40ddef36e8db1868c9b7f1f83d30dc",
          "version": "2.0.1"
        }
      }
    ]
  },
  "version": 1
}
